
Microsoft Visual Studio Solution File, Format Version 12.00
# Visual Studio 14
VisualStudioVersion = 14.0.25420.1
MinimumVisualStudioVersion = 10.0.40219.1
Project("{FAE04EC0-301F-11D3-BF4B-00C04F79EFBC}") = "SimpleWebsite", "SimpleWebsite\SimpleWebsite.csproj", "{021D60AA-F9E2-4B44-AA08-F6545F4F9E73}"
EndProject
Project("{FAE04EC0-301F-11D3-BF4B-00C04F79EFBC}") = "CoreLogic", "CoreLogic\CoreLogic.csproj", "{D64C3201-902C-4FCA-93E3-0F487E9E4D50}"
EndProject
Project("{FAE04EC0-301F-11D3-BF4B-00C04F79EFBC}") = "Console", "Console\Console.csproj", "{C1048B61-4893-43F5-BEBB-2429A60B063C}"
EndProject
Project("{FAE04EC0-301F-11D3-BF4B-00C04F79EFBC}") = "AnimalShop", "AnimalShop\AnimalShop.csproj", "{BC94B2BF-B8A0-4896-8D4A-22C965C7C0FC}"
EndProject
Project("{FAE04EC0-301F-11D3-BF4B-00C04F79EFBC}") = "AnimalShop.Tests", "AnimalShop.Tests\AnimalShop.Tests.csproj", "{25D3A082-4B7C-42A5-83C3-331A98B7F8BF}"
EndProject
Project("{FAE04EC0-301F-11D3-BF4B-00C04F79EFBC}") = "DataAcessLayer", "DataAcessLayer\DataAcessLayer.csproj", "{B43C9A6D-1DAA-49AA-B8F1-FCCF8804E12A}"
EndProject
Project("{FAE04EC0-301F-11D3-BF4B-00C04F79EFBC}") = "WebApiFun", "WebApiFun\WebApiFun.csproj", "{0523B404-346F-4D4C-AE73-7E0DD47985F0}"
EndProject
Global
	GlobalSection(SolutionConfigurationPlatforms) = preSolution
		Debug|Any CPU = Debug|Any CPU
		Release|Any CPU = Release|Any CPU
	EndGlobalSection
	GlobalSection(ProjectConfigurationPlatforms) = postSolution
		{021D60AA-F9E2-4B44-AA08-F6545F4F9E73}.Debug|Any CPU.ActiveCfg = Debug|Any CPU
		{021D60AA-F9E2-4B44-AA08-F6545F4F9E73}.Debug|Any CPU.Build.0 = Debug|Any CPU
		{021D60AA-F9E2-4B44-AA08-F6545F4F9E73}.Release|Any CPU.ActiveCfg = Release|Any CPU
		{021D60AA-F9E2-4B44-AA08-F6545F4F9E73}.Release|Any CPU.Build.0 = Release|Any CPU
		{D64C3201-902C-4FCA-93E3-0F487E9E4D50}.Debug|Any CPU.ActiveCfg = Debug|Any CPU
		{D64C3201-902C-4FCA-93E3-0F487E9E4D50}.Debug|Any CPU.Build.0 = Debug|Any CPU
		{D64C3201-902C-4FCA-93E3-0F487E9E4D50}.Release|Any CPU.ActiveCfg = Release|Any CPU
		{D64C3201-902C-4FCA-93E3-0F487E9E4D50}.Release|Any CPU.Build.0 = Release|Any CPU
		{C1048B61-4893-43F5-BEBB-2429A60B063C}.Debug|Any CPU.ActiveCfg = Debug|Any CPU
		{C1048B61-4893-43F5-BEBB-2429A60B063C}.Debug|Any CPU.Build.0 = Debug|Any CPU
		{C1048B61-4893-43F5-BEBB-2429A60B063C}.Release|Any CPU.ActiveCfg = Release|Any CPU
		{C1048B61-4893-43F5-BEBB-2429A60B063C}.Release|Any CPU.Build.0 = Release|Any CPU
		{BC94B2BF-B8A0-4896-8D4A-22C965C7C0FC}.Debug|Any CPU.ActiveCfg = Debug|Any CPU
		{BC94B2BF-B8A0-4896-8D4A-22C965C7C0FC}.Debug|Any CPU.Build.0 = Debug|Any CPU
		{BC94B2BF-B8A0-4896-8D4A-22C965C7C0FC}.Release|Any CPU.ActiveCfg = Release|Any CPU
		{BC94B2BF-B8A0-4896-8D4A-22C965C7C0FC}.Release|Any CPU.Build.0 = Release|Any CPU
		{25D3A082-4B7C-42A5-83C3-331A98B7F8BF}.Debug|Any CPU.ActiveCfg = Debug|Any CPU
		{25D3A082-4B7C-42A5-83C3-331A98B7F8BF}.Debug|Any CPU.Build.0 = Debug|Any CPU
		{25D3A082-4B7C-42A5-83C3-331A98B7F8BF}.Release|Any CPU.ActiveCfg = Release|Any CPU
		{25D3A082-4B7C-42A5-83C3-331A98B7F8BF}.Release|Any CPU.Build.0 = Release|Any CPU
		{B43C9A6D-1DAA-49AA-B8F1-FCCF8804E12A}.Debug|Any CPU.ActiveCfg = Debug|Any CPU
		{B43C9A6D-1DAA-49AA-B8F1-FCCF8804E12A}.Debug|Any CPU.Build.0 = Debug|Any CPU
		{B43C9A6D-1DAA-49AA-B8F1-FCCF8804E12A}.Release|Any CPU.ActiveCfg = Release|Any CPU
		{B43C9A6D-1DAA-49AA-B8F1-FCCF8804E12A}.Release|Any CPU.Build.0 = Release|Any CPU
		{0523B404-346F-4D4C-AE73-7E0DD47985F0}.Debug|Any CPU.ActiveCfg = Debug|Any CPU
		{0523B404-346F-4D4C-AE73-7E0DD47985F0}.Debug|Any CPU.Build.0 = Debug|Any CPU
		{0523B404-346F-4D4C-AE73-7E0DD47985F0}.Release|Any CPU.ActiveCfg = Release|Any CPU
		{0523B404-346F-4D4C-AE73-7E0DD47985F0}.Release|Any CPU.Build.0 = Release|Any CPU
	EndGlobalSection
	GlobalSection(SolutionProperties) = preSolution
		HideSolutionNode = FALSE
	EndGlobalSection
EndGlobal
